
Microsoft Visual Studio Solution File, Format Version 12.00
Project("{FAE04EC0-301F-11D3-BF4B-00C04F79EFBC}") = "LoginToWebSite", "LoginToWebSite\LoginToWebSite.csproj", "{FA876A04-2193-450C-B3B1-C78229E0659D}"
EndProject
Project("{FAE04EC0-301F-11D3-BF4B-00C04F79EFBC}") = "ParseCsvFile", "ParseCsvFile\ParseCsvFile.csproj", "{35C91A57-4FE4-47CA-80A5-F2CD66B1BFB9}"
EndProject
Global
	GlobalSection(SolutionConfigurationPlatforms) = preSolution
		Debug|Any CPU = Debug|Any CPU
		Release|Any CPU = Release|Any CPU
	EndGlobalSection
	GlobalSection(ProjectConfigurationPlatforms) = postSolution
		{FA876A04-2193-450C-B3B1-C78229E0659D}.Debug|Any CPU.ActiveCfg = Debug|Any CPU
		{FA876A04-2193-450C-B3B1-C78229E0659D}.Debug|Any CPU.Build.0 = Debug|Any CPU
		{FA876A04-2193-450C-B3B1-C78229E0659D}.Release|Any CPU.ActiveCfg = Release|Any CPU
		{FA876A04-2193-450C-B3B1-C78229E0659D}.Release|Any CPU.Build.0 = Release|Any CPU
		{35C91A57-4FE4-47CA-80A5-F2CD66B1BFB9}.Debug|Any CPU.ActiveCfg = Debug|Any CPU
		{35C91A57-4FE4-47CA-80A5-F2CD66B1BFB9}.Debug|Any CPU.Build.0 = Debug|Any CPU
		{35C91A57-4FE4-47CA-80A5-F2CD66B1BFB9}.Release|Any CPU.ActiveCfg = Release|Any CPU
		{35C91A57-4FE4-47CA-80A5-F2CD66B1BFB9}.Release|Any CPU.Build.0 = Release|Any CPU
	EndGlobalSection
EndGlobal
